
Microsoft Visual Studio Solution File, Format Version 12.00
# Visual Studio Version 17
VisualStudioVersion = 17.5.33502.453
MinimumVisualStudioVersion = 10.0.40219.1
Project("{8BC9CEB8-8B4A-11D0-8D11-00A0C91BC942}") = "Pertemuan5", "Pertemuan5\Pertemuan5.vcxproj", "{F78AA9C5-E2A0-4B6E-AAB9-5A4DECBA2D4A}"
EndProject
Project("{8BC9CEB8-8B4A-11D0-8D11-00A0C91BC942}") = "Latihan2", "Latihan2\Latihan2.vcxproj", "{07E4616A-1363-46AD-8BBA-0DDDE7DF04AA}"
EndProject
Project("{8BC9CEB8-8B4A-11D0-8D11-00A0C91BC942}") = "Latihan3", "Latihan3\Latihan3.vcxproj", "{3428B523-A270-4190-AFE4-EECE1CC54258}"
EndProject
Global
	GlobalSection(SolutionConfigurationPlatforms) = preSolution
		Debug|x64 = Debug|x64
		Debug|x86 = Debug|x86
		Release|x64 = Release|x64
		Release|x86 = Release|x86
	EndGlobalSection
	GlobalSection(ProjectConfigurationPlatforms) = postSolution
		{F78AA9C5-E2A0-4B6E-AAB9-5A4DECBA2D4A}.Debug|x64.ActiveCfg = Debug|x64
		{F78AA9C5-E2A0-4B6E-AAB9-5A4DECBA2D4A}.Debug|x64.Build.0 = Debug|x64
		{F78AA9C5-E2A0-4B6E-AAB9-5A4DECBA2D4A}.Debug|x86.ActiveCfg = Debug|Win32
		{F78AA9C5-E2A0-4B6E-AAB9-5A4DECBA2D4A}.Debug|x86.Build.0 = Debug|Win32
		{F78AA9C5-E2A0-4B6E-AAB9-5A4DECBA2D4A}.Release|x64.ActiveCfg = Release|x64
		{F78AA9C5-E2A0-4B6E-AAB9-5A4DECBA2D4A}.Release|x64.Build.0 = Release|x64
		{F78AA9C5-E2A0-4B6E-AAB9-5A4DECBA2D4A}.Release|x86.ActiveCfg = Release|Win32
		{F78AA9C5-E2A0-4B6E-AAB9-5A4DECBA2D4A}.Release|x86.Build.0 = Release|Win32
		{07E4616A-1363-46AD-8BBA-0DDDE7DF04AA}.Debug|x64.ActiveCfg = Debug|x64
		{07E4616A-1363-46AD-8BBA-0DDDE7DF04AA}.Debug|x64.Build.0 = Debug|x64
		{07E4616A-1363-46AD-8BBA-0DDDE7DF04AA}.Debug|x86.ActiveCfg = Debug|Win32
		{07E4616A-1363-46AD-8BBA-0DDDE7DF04AA}.Debug|x86.Build.0 = Debug|Win32
		{07E4616A-1363-46AD-8BBA-0DDDE7DF04AA}.Release|x64.ActiveCfg = Release|x64
		{07E4616A-1363-46AD-8BBA-0DDDE7DF04AA}.Release|x64.Build.0 = Release|x64
		{07E4616A-1363-46AD-8BBA-0DDDE7DF04AA}.Release|x86.ActiveCfg = Release|Win32
		{07E4616A-1363-46AD-8BBA-0DDDE7DF04AA}.Release|x86.Build.0 = Release|Win32
		{3428B523-A270-4190-AFE4-EECE1CC54258}.Debug|x64.ActiveCfg = Debug|x64
		{3428B523-A270-4190-AFE4-EECE1CC54258}.Debug|x64.Build.0 = Debug|x64
		{3428B523-A270-4190-AFE4-EECE1CC54258}.Debug|x86.ActiveCfg = Debug|Win32
		{3428B523-A270-4190-AFE4-EECE1CC54258}.Debug|x86.Build.0 = Debug|Win32
		{3428B523-A270-4190-AFE4-EECE1CC54258}.Release|x64.ActiveCfg = Release|x64
		{3428B523-A270-4190-AFE4-EECE1CC54258}.Release|x64.Build.0 = Release|x64
		{3428B523-A270-4190-AFE4-EECE1CC54258}.Release|x86.ActiveCfg = Release|Win32
		{3428B523-A270-4190-AFE4-EECE1CC54258}.Release|x86.Build.0 = Release|Win32
	EndGlobalSection
	GlobalSection(SolutionProperties) = preSolution
		HideSolutionNode = FALSE
	EndGlobalSection
	GlobalSection(ExtensibilityGlobals) = postSolution
		SolutionGuid = {EA3B29EC-2E74-491E-9546-438D17CE9527}
	EndGlobalSection
EndGlobal
